
Microsoft Visual Studio Solution File, Format Version 12.00
# Visual Studio Version 17
VisualStudioVersion = 17.0.32112.339
MinimumVisualStudioVersion = 10.0.40219.1
Project("{9A19103F-16F7-4668-BE54-9A1E7A4F7556}") = "dotnet6", "dotnet6\dotnet6.csproj", "{23F63461-B99A-481F-9A61-B80097F67280}"
EndProject
Project("{2150E333-8FDC-42A3-9474-1A3956D46DE8}") = "ExternalProjects", "ExternalProjects", "{AED80629-19FC-4A52-BEAA-94741C25E1BD}"
EndProject
Project("{9A19103F-16F7-4668-BE54-9A1E7A4F7556}") = "Twilio.AspNet.Common", "..\Twilio.AspNet.Common\Twilio.AspNet.Common.csproj", "{5F5E8A22-A8F3-4A9F-8E30-C2AA067FD571}"
EndProject
Project("{9A19103F-16F7-4668-BE54-9A1E7A4F7556}") = "Twilio.AspNet.Core", "..\Twilio.AspNet.Core\Twilio.AspNet.Core.csproj", "{32E21D22-8CB9-4BC5-8FF4-71E0017AF3A3}"
EndProject
Project("{FAE04EC0-301F-11D3-BF4B-00C04F79EFBC}") = "Twilio.AspNet.Mvc", "..\Twilio.AspNet.Mvc\Twilio.AspNet.Mvc.csproj", "{42938487-C4BE-4BFA-BF4B-FB3FA6A5E367}"
EndProject
Project("{FAE04EC0-301F-11D3-BF4B-00C04F79EFBC}") = "AspNetFramework", "AspNetFramework\AspNetFramework.csproj", "{5BB7D643-5191-41C0-BC71-60A1128E857D}"
EndProject
Global
	GlobalSection(SolutionConfigurationPlatforms) = preSolution
		Debug|Any CPU = Debug|Any CPU
		Release|Any CPU = Release|Any CPU
	EndGlobalSection
	GlobalSection(ProjectConfigurationPlatforms) = postSolution
		{23F63461-B99A-481F-9A61-B80097F67280}.Debug|Any CPU.ActiveCfg = Debug|Any CPU
		{23F63461-B99A-481F-9A61-B80097F67280}.Debug|Any CPU.Build.0 = Debug|Any CPU
		{23F63461-B99A-481F-9A61-B80097F67280}.Release|Any CPU.ActiveCfg = Release|Any CPU
		{23F63461-B99A-481F-9A61-B80097F67280}.Release|Any CPU.Build.0 = Release|Any CPU
		{5F5E8A22-A8F3-4A9F-8E30-C2AA067FD571}.Debug|Any CPU.ActiveCfg = Debug|Any CPU
		{5F5E8A22-A8F3-4A9F-8E30-C2AA067FD571}.Debug|Any CPU.Build.0 = Debug|Any CPU
		{5F5E8A22-A8F3-4A9F-8E30-C2AA067FD571}.Release|Any CPU.ActiveCfg = Release|Any CPU
		{5F5E8A22-A8F3-4A9F-8E30-C2AA067FD571}.Release|Any CPU.Build.0 = Release|Any CPU
		{32E21D22-8CB9-4BC5-8FF4-71E0017AF3A3}.Debug|Any CPU.ActiveCfg = Debug|Any CPU
		{32E21D22-8CB9-4BC5-8FF4-71E0017AF3A3}.Debug|Any CPU.Build.0 = Debug|Any CPU
		{32E21D22-8CB9-4BC5-8FF4-71E0017AF3A3}.Release|Any CPU.ActiveCfg = Release|Any CPU
		{32E21D22-8CB9-4BC5-8FF4-71E0017AF3A3}.Release|Any CPU.Build.0 = Release|Any CPU
		{42938487-C4BE-4BFA-BF4B-FB3FA6A5E367}.Debug|Any CPU.ActiveCfg = Debug|Any CPU
		{42938487-C4BE-4BFA-BF4B-FB3FA6A5E367}.Debug|Any CPU.Build.0 = Debug|Any CPU
		{42938487-C4BE-4BFA-BF4B-FB3FA6A5E367}.Release|Any CPU.ActiveCfg = Release|Any CPU
		{42938487-C4BE-4BFA-BF4B-FB3FA6A5E367}.Release|Any CPU.Build.0 = Release|Any CPU
		{5BB7D643-5191-41C0-BC71-60A1128E857D}.Debug|Any CPU.ActiveCfg = Debug|Any CPU
		{5BB7D643-5191-41C0-BC71-60A1128E857D}.Debug|Any CPU.Build.0 = Debug|Any CPU
		{5BB7D643-5191-41C0-BC71-60A1128E857D}.Release|Any CPU.ActiveCfg = Release|Any CPU
		{5BB7D643-5191-41C0-BC71-60A1128E857D}.Release|Any CPU.Build.0 = Release|Any CPU
	EndGlobalSection
	GlobalSection(SolutionProperties) = preSolution
		HideSolutionNode = FALSE
	EndGlobalSection
	GlobalSection(NestedProjects) = preSolution
		{5F5E8A22-A8F3-4A9F-8E30-C2AA067FD571} = {AED80629-19FC-4A52-BEAA-94741C25E1BD}
		{32E21D22-8CB9-4BC5-8FF4-71E0017AF3A3} = {AED80629-19FC-4A52-BEAA-94741C25E1BD}
		{42938487-C4BE-4BFA-BF4B-FB3FA6A5E367} = {AED80629-19FC-4A52-BEAA-94741C25E1BD}
	EndGlobalSection
	GlobalSection(ExtensibilityGlobals) = postSolution
		SolutionGuid = {163FBE1C-2089-4549-8E9C-1CC8BA372B36}
	EndGlobalSection
EndGlobal
