
Microsoft Visual Studio Solution File, Format Version 12.00
# Visual Studio 15
VisualStudioVersion = 15.0.27130.2024
MinimumVisualStudioVersion = 10.0.40219.1
Project("{FAE04EC0-301F-11D3-BF4B-00C04F79EFBC}") = "Twilio.AspNet.Mvc", "Twilio.AspNet.Mvc\Twilio.AspNet.Mvc.csproj", "{42938487-C4BE-4BFA-BF4B-FB3FA6A5E367}"
EndProject
Project("{9A19103F-16F7-4668-BE54-9A1E7A4F7556}") = "Twilio.AspNet.Common", "Twilio.AspNet.Common\Twilio.AspNet.Common.csproj", "{1996904E-B630-4445-9665-DA880CA383B3}"
EndProject
Project("{2150E333-8FDC-42A3-9474-1A3956D46DE8}") = "Solution Items", "Solution Items", "{339A75DF-3315-4CF3-9FD9-DAF1B0DB50B2}"
	ProjectSection(SolutionItems) = preProject
		..\build.ps1 = ..\build.ps1
		..\README.md = ..\README.md
	EndProjectSection
EndProject
Project("{9A19103F-16F7-4668-BE54-9A1E7A4F7556}") = "Twilio.AspNet.Core", "Twilio.AspNet.Core\Twilio.AspNet.Core.csproj", "{0BFC96B4-9E96-499D-B6E3-C8D17BCF869F}"
EndProject
Project("{FAE04EC0-301F-11D3-BF4B-00C04F79EFBC}") = "Twilio.AspNet.Mvc.UnitTests", "Twilio.AspNet.Mvc.UnitTests\Twilio.AspNet.Mvc.UnitTests.csproj", "{B92BDA0D-AD69-4756-BBD6-6E77C4B51906}"
EndProject
Project("{FAE04EC0-301F-11D3-BF4B-00C04F79EFBC}") = "Twilio.AspNet.Core.UnitTests", "Twilio.AspNet.Core.UnitTests\Twilio.AspNet.Core.UnitTests.csproj", "{FABCBDFB-E9F8-4B0F-9657-7B156CDA98C2}"
EndProject
Global
	GlobalSection(SolutionConfigurationPlatforms) = preSolution
		Debug|Any CPU = Debug|Any CPU
		Release|Any CPU = Release|Any CPU
	EndGlobalSection
	GlobalSection(ProjectConfigurationPlatforms) = postSolution
		{42938487-C4BE-4BFA-BF4B-FB3FA6A5E367}.Debug|Any CPU.ActiveCfg = Debug|Any CPU
		{42938487-C4BE-4BFA-BF4B-FB3FA6A5E367}.Debug|Any CPU.Build.0 = Debug|Any CPU
		{42938487-C4BE-4BFA-BF4B-FB3FA6A5E367}.Release|Any CPU.ActiveCfg = Release|Any CPU
		{42938487-C4BE-4BFA-BF4B-FB3FA6A5E367}.Release|Any CPU.Build.0 = Release|Any CPU
		{1996904E-B630-4445-9665-DA880CA383B3}.Debug|Any CPU.ActiveCfg = Debug|Any CPU
		{1996904E-B630-4445-9665-DA880CA383B3}.Debug|Any CPU.Build.0 = Debug|Any CPU
		{1996904E-B630-4445-9665-DA880CA383B3}.Release|Any CPU.ActiveCfg = Release|Any CPU
		{1996904E-B630-4445-9665-DA880CA383B3}.Release|Any CPU.Build.0 = Release|Any CPU
		{0BFC96B4-9E96-499D-B6E3-C8D17BCF869F}.Debug|Any CPU.ActiveCfg = Debug|Any CPU
		{0BFC96B4-9E96-499D-B6E3-C8D17BCF869F}.Debug|Any CPU.Build.0 = Debug|Any CPU
		{0BFC96B4-9E96-499D-B6E3-C8D17BCF869F}.Release|Any CPU.ActiveCfg = Release|Any CPU
		{0BFC96B4-9E96-499D-B6E3-C8D17BCF869F}.Release|Any CPU.Build.0 = Release|Any CPU
		{B92BDA0D-AD69-4756-BBD6-6E77C4B51906}.Debug|Any CPU.ActiveCfg = Debug|Any CPU
		{B92BDA0D-AD69-4756-BBD6-6E77C4B51906}.Debug|Any CPU.Build.0 = Debug|Any CPU
		{B92BDA0D-AD69-4756-BBD6-6E77C4B51906}.Release|Any CPU.ActiveCfg = Release|Any CPU
		{B92BDA0D-AD69-4756-BBD6-6E77C4B51906}.Release|Any CPU.Build.0 = Release|Any CPU
		{FABCBDFB-E9F8-4B0F-9657-7B156CDA98C2}.Debug|Any CPU.ActiveCfg = Debug|Any CPU
		{FABCBDFB-E9F8-4B0F-9657-7B156CDA98C2}.Debug|Any CPU.Build.0 = Debug|Any CPU
		{FABCBDFB-E9F8-4B0F-9657-7B156CDA98C2}.Release|Any CPU.ActiveCfg = Release|Any CPU
		{FABCBDFB-E9F8-4B0F-9657-7B156CDA98C2}.Release|Any CPU.Build.0 = Release|Any CPU
	EndGlobalSection
	GlobalSection(SolutionProperties) = preSolution
		HideSolutionNode = FALSE
	EndGlobalSection
	GlobalSection(ExtensibilityGlobals) = postSolution
		SolutionGuid = {7D0F9171-129A-4B05-809E-F501DBC23197}
	EndGlobalSection
EndGlobal
